
Microsoft Visual Studio Solution File, Format Version 12.00
# Visual Studio 15
VisualStudioVersion = 15.0.28307.489
MinimumVisualStudioVersion = 10.0.40219.1
Project("{FAE04EC0-301F-11D3-BF4B-00C04F79EFBC}") = "Portali", "Portali\Portali.csproj", "{5D250763-D038-481B-804B-203C899DF472}"
EndProject
Global
	GlobalSection(SolutionConfigurationPlatforms) = preSolution
		Debug|Any CPU = Debug|Any CPU
		Release|Any CPU = Release|Any CPU
	EndGlobalSection
	GlobalSection(ProjectConfigurationPlatforms) = postSolution
		{5D250763-D038-481B-804B-203C899DF472}.Debug|Any CPU.ActiveCfg = Debug|Any CPU
		{5D250763-D038-481B-804B-203C899DF472}.Debug|Any CPU.Build.0 = Debug|Any CPU
		{5D250763-D038-481B-804B-203C899DF472}.Release|Any CPU.ActiveCfg = Release|Any CPU
		{5D250763-D038-481B-804B-203C899DF472}.Release|Any CPU.Build.0 = Release|Any CPU
	EndGlobalSection
	GlobalSection(SolutionProperties) = preSolution
		HideSolutionNode = FALSE
	EndGlobalSection
	GlobalSection(ExtensibilityGlobals) = postSolution
		SolutionGuid = {DCEB2BEE-DFB9-428B-A9B7-7C768078D363}
	EndGlobalSection
EndGlobal
